
Microsoft Visual Studio Solution File, Format Version 12.00
# Visual Studio Version 17
VisualStudioVersion = 17.0.31912.275
MinimumVisualStudioVersion = 10.0.40219.1
Project("{FAE04EC0-301F-11D3-BF4B-00C04F79EFBC}") = "WebAppInspect", "WebAppInspect\WebAppInspect.csproj", "{A71EB691-1B64-4F64-9DCC-0C48A96F544D}"
EndProject
Global
	GlobalSection(SolutionConfigurationPlatforms) = preSolution
		Debug|Any CPU = Debug|Any CPU
		Release|Any CPU = Release|Any CPU
	EndGlobalSection
	GlobalSection(ProjectConfigurationPlatforms) = postSolution
		{A71EB691-1B64-4F64-9DCC-0C48A96F544D}.Debug|Any CPU.ActiveCfg = Debug|Any CPU
		{A71EB691-1B64-4F64-9DCC-0C48A96F544D}.Debug|Any CPU.Build.0 = Debug|Any CPU
		{A71EB691-1B64-4F64-9DCC-0C48A96F544D}.Release|Any CPU.ActiveCfg = Release|Any CPU
		{A71EB691-1B64-4F64-9DCC-0C48A96F544D}.Release|Any CPU.Build.0 = Release|Any CPU
	EndGlobalSection
	GlobalSection(SolutionProperties) = preSolution
		HideSolutionNode = FALSE
	EndGlobalSection
	GlobalSection(ExtensibilityGlobals) = postSolution
		SolutionGuid = {1A206744-7319-4541-BB59-756707A3BB4E}
	EndGlobalSection
EndGlobal
